# THIS IS AN AUTOGENERATED FILE. DO NOT EDIT THIS FILE DIRECTLY.
# yarn lockfile v1


"@xgsd/engine@^1.0.0-stable":
  version "1.0.0-stable"
  resolved "https://registry.yarnpkg.com/@xgsd/engine/-/engine-1.0.0-stable.tgz#a7c2b121a9572f7c23297d588ceb569fc6eb71ca"
  integrity sha512-dUzQjUfMsY5KjomWMHZMSZTxwTNQUMKj7T6jpkjs4rroRYXXM0GF7O6kUoIf+3qiBhAmbYoGsL1QMRflOdASjA==

"@xgsd/workers@^0.1.2":
  version "0.1.2"
  resolved "https://registry.yarnpkg.com/@xgsd/workers/-/workers-0.1.2.tgz#e97c08e0e62e25322cb2bdb237b907b9808b3560"
  integrity sha512-xNaoqwLBlFc3QLJGoFULLum5td2m9Kt3v8WegkD9ruYMgdO96/Jx8t65ufhp4+Obv++4WO+G01PaxRqxL34EVQ==
